
Microsoft Visual Studio Solution File, Format Version 12.00
# Visual Studio 2012
Project("{FAE04EC0-301F-11D3-BF4B-00C04F79EFBC}") = "UnitTestingAssignment", "UnitTestingAssignment\UnitTestingAssignment.csproj", "{7E9EE5DB-B470-4738-A3EF-7117C8AA1D4B}"
EndProject
Project("{FAE04EC0-301F-11D3-BF4B-00C04F79EFBC}") = "UnitTestingAssignmentTests", "UnitTestingAssignmentTests\UnitTestingAssignmentTests.csproj", "{35D263E6-6B6B-47F1-B3A8-04F211B070B7}"
EndProject
Global
	GlobalSection(SolutionConfigurationPlatforms) = preSolution
		Debug|Any CPU = Debug|Any CPU
		Release|Any CPU = Release|Any CPU
	EndGlobalSection
	GlobalSection(ProjectConfigurationPlatforms) = postSolution
		{7E9EE5DB-B470-4738-A3EF-7117C8AA1D4B}.Debug|Any CPU.ActiveCfg = Debug|Any CPU
		{7E9EE5DB-B470-4738-A3EF-7117C8AA1D4B}.Debug|Any CPU.Build.0 = Debug|Any CPU
		{7E9EE5DB-B470-4738-A3EF-7117C8AA1D4B}.Release|Any CPU.ActiveCfg = Release|Any CPU
		{7E9EE5DB-B470-4738-A3EF-7117C8AA1D4B}.Release|Any CPU.Build.0 = Release|Any CPU
		{35D263E6-6B6B-47F1-B3A8-04F211B070B7}.Debug|Any CPU.ActiveCfg = Debug|Any CPU
		{35D263E6-6B6B-47F1-B3A8-04F211B070B7}.Debug|Any CPU.Build.0 = Debug|Any CPU
		{35D263E6-6B6B-47F1-B3A8-04F211B070B7}.Release|Any CPU.ActiveCfg = Release|Any CPU
		{35D263E6-6B6B-47F1-B3A8-04F211B070B7}.Release|Any CPU.Build.0 = Release|Any CPU
	EndGlobalSection
	GlobalSection(SolutionProperties) = preSolution
		HideSolutionNode = FALSE
	EndGlobalSection
EndGlobal
